Microsoft Visual Studio Solution File, Format Version 11.00
# Visual Studio 2008

Project("{D4428E23-DF90-BC37-E4E0-6FA41CC29F96}") = "fairgame", "Assembly-CSharp.csproj", "{CDFE3B08-8DD5-E9A1-9B09-E7ACCB276C92}"
EndProject
Project("{D4428E23-DF90-BC37-E4E0-6FA41CC29F96}") = "fairgame", "Assembly-CSharp-Editor.csproj", "{DFE91A63-2621-A59E-8912-C541BFD91A65}"
EndProject
Global
	GlobalSection(SolutionConfigurationPlatforms) = preSolution
		Debug|Any CPU = Debug|Any CPU
		Release|Any CPU = Release|Any CPU
	EndGlobalSection
	GlobalSection(ProjectConfigurationPlatforms) = postSolution
		{CDFE3B08-8DD5-E9A1-9B09-E7ACCB276C92}.Debug|Any CPU.ActiveCfg = Debug|Any CPU
		{CDFE3B08-8DD5-E9A1-9B09-E7ACCB276C92}.Debug|Any CPU.Build.0 = Debug|Any CPU
		{CDFE3B08-8DD5-E9A1-9B09-E7ACCB276C92}.Release|Any CPU.ActiveCfg = Release|Any CPU
		{CDFE3B08-8DD5-E9A1-9B09-E7ACCB276C92}.Release|Any CPU.Build.0 = Release|Any CPU
		{DFE91A63-2621-A59E-8912-C541BFD91A65}.Debug|Any CPU.ActiveCfg = Debug|Any CPU
		{DFE91A63-2621-A59E-8912-C541BFD91A65}.Debug|Any CPU.Build.0 = Debug|Any CPU
		{DFE91A63-2621-A59E-8912-C541BFD91A65}.Release|Any CPU.ActiveCfg = Release|Any CPU
		{DFE91A63-2621-A59E-8912-C541BFD91A65}.Release|Any CPU.Build.0 = Release|Any CPU
	EndGlobalSection
	GlobalSection(SolutionProperties) = preSolution
		HideSolutionNode = FALSE
	EndGlobalSection
																			GlobalSection(MonoDevelopProperties) = preSolution
=======
					GlobalSection(MonoDevelopProperties) = preSolution
=======
<<<<<<< HEAD
			GlobalSection(MonoDevelopProperties) = preSolution
>>>>>>> 4112fbe6f1e32d069d230603ec8cfa093775d4a7
=======
		GlobalSection(MonoDevelopProperties) = preSolution
>>>>>>> d8ecfc96829fdf401b973cf438045ba7a29cd814
>>>>>>> 5d9706a3fbc2d45ac6205e954a18deef29aa5e29
		StartupItem = Assembly-CSharp.csproj
		Policies = $0
		$0.TextStylePolicy = $1
		$1.inheritsSet = null
		$1.scope = text/x-csharp
		$0.CSharpFormattingPolicy = $2
		$2.inheritsSet = Mono
		$2.inheritsScope = text/x-csharp
		$2.scope = text/x-csharp
		$0.TextStylePolicy = $3
		$3.FileWidth = 120
		$3.TabWidth = 4
		$3.EolMarker = Unix
		$3.inheritsSet = Mono
		$3.inheritsScope = text/plain
		$3.scope = text/plain
	EndGlobalSection

EndGlobal
